{
  "version": 4,
  "terraform_version": "1.2.4",
  "serial": 1,
  "lineage": "f7b2d9db-de3b-137c-6444-fe5ee9d1bd13",
  "outputs": {},
  "resources": [
    {
      "mode": "managed",
      "type": "aws_s3_bucket",
      "name": "terraform-bucket",
      "provider": "provider[\"registry.terraform.io/hashicorp/aws\"]",
      "instances": [
        {
          "status": "tainted",
          "schema_version": 0,
          "attributes": {
            "acceleration_status": null,
            "acl": "public-read",
            "arn": null,
            "bucket": "terraform-bucket-testing",
            "bucket_domain_name": null,
            "bucket_prefix": null,
            "bucket_regional_domain_name": null,
            "cors_rule": null,
            "force_destroy": false,
            "grant": [],
            "hosted_zone_id": null,
            "id": "terraform-bucket-testing",
            "lifecycle_rule": null,
            "logging": null,
            "object_lock_configuration": null,
            "object_lock_enabled": null,
            "policy": "{\r\n    \"Version\": \"2012-10-17\",\r\n    \"Statement\": [\r\n      {\r\n        \"Sid\": \"PublicReadGetObject\",\r\n        \"Effect\": \"Allow\",\r\n        \"Principal\": \"*\",\r\n        \"Action\": [\r\n          \"s3:GetObject\"\r\n        ],\r\n        \"Resource\": [\r\n          \"arn:aws:s3:::terraform-series-bai3/*\"\r\n        ]\r\n      }\r\n    ]\r\n  }\r\n  ",
            "region": null,
            "replication_configuration": null,
            "request_payer": null,
            "server_side_encryption_configuration": null,
            "tags": {
              "Name": "Terraform Series"
            },
            "tags_all": {
              "Name": "Terraform Series"
            },
            "versioning": null,
            "website": [
              {
                "error_document": "error.html",
                "index_document": "index.html",
                "redirect_all_requests_to": "",
                "routing_rules": ""
              }
            ],
            "website_domain": null,
            "website_endpoint": null
          },
          "sensitive_attributes": [],
          "private": "bnVsbA=="
        }
      ]
    },
    {
      "mode": "managed",
      "type": "aws_s3_bucket_object",
      "name": "object",
      "provider": "provider[\"registry.terraform.io/hashicorp/aws\"]",
      "instances": []
    }
  ]
}
